// !$*UTF8*$!
{
	archiveVersion = 1;
	classes = {
	};
	objectVersion = 51;
	objects = {

/* Begin PBXBuildFile section */
		78ACC802E206FD2F7B8E2382 /* Pods_Qiita_Client.framework in Frameworks */ = {isa = PBXBuildFile; fileRef = 965611AC270CB7A7E8E81DB3 /* Pods_Qiita_Client.framework */; };
		B71555C2219750D0004A1399 /* MainViewController.swift in Sources */ = {isa = PBXBuildFile; fileRef = B71555C1219750D0004A1399 /* MainViewController.swift */; };
		B71555C421975550004A1399 /* UserArticleViewController.swift in Sources */ = {isa = PBXBuildFile; fileRef = B71555C321975550004A1399 /* UserArticleViewController.swift */; };
		B715F7DD21958E2600BE0218 /* ArticleTableViewCell.swift in Sources */ = {isa = PBXBuildFile; fileRef = B715F7DC21958E2600BE0218 /* ArticleTableViewCell.swift */; };
		B715F7DF2195915300BE0218 /* ProfileModel.swift in Sources */ = {isa = PBXBuildFile; fileRef = B715F7DE2195915300BE0218 /* ProfileModel.swift */; };
		B732C0F221A94A8D00C91FCC /* TwitterAlert.framework in Frameworks */ = {isa = PBXBuildFile; fileRef = B732C0F121A94A8D00C91FCC /* TwitterAlert.framework */; };
		B74A384E218D1EA60066EA24 /* AppDelegate.swift in Sources */ = {isa = PBXBuildFile; fileRef = B74A384D218D1EA60066EA24 /* AppDelegate.swift */; };
		B74A3855218D1EA70066EA24 /* Assets.xcassets in Resources */ = {isa = PBXBuildFile; fileRef = B74A3854218D1EA70066EA24 /* Assets.xcassets */; };
		B74A3858218D1EA70066EA24 /* LaunchScreen.storyboard in Resources */ = {isa = PBXBuildFile; fileRef = B74A3856218D1EA70066EA24 /* LaunchScreen.storyboard */; };
		B74A3865218D24300066EA24 /* RxCocoa.framework in Frameworks */ = {isa = PBXBuildFile; fileRef = B74A3860218D24300066EA24 /* RxCocoa.framework */; };
		B74A3866218D24300066EA24 /* Alamofire.framework in Frameworks */ = {isa = PBXBuildFile; fileRef = B74A3861218D24300066EA24 /* Alamofire.framework */; };
		B74A3867218D24300066EA24 /* RxSwift.framework in Frameworks */ = {isa = PBXBuildFile; fileRef = B74A3862218D24300066EA24 /* RxSwift.framework */; };
		B74A3868218D24300066EA24 /* SDWebImage.framework in Frameworks */ = {isa = PBXBuildFile; fileRef = B74A3863218D24300066EA24 /* SDWebImage.framework */; };
		B74A3869218D24300066EA24 /* SnapKit.framework in Frameworks */ = {isa = PBXBuildFile; fileRef = B74A3864218D24300066EA24 /* SnapKit.framework */; };
		B74A3876218DEE590066EA24 /* ArticleModel.swift in Sources */ = {isa = PBXBuildFile; fileRef = B74A3875218DEE590066EA24 /* ArticleModel.swift */; };
		B74A3878218EAB940066EA24 /* ArticleViewController.swift in Sources */ = {isa = PBXBuildFile; fileRef = B74A3877218EAB940066EA24 /* ArticleViewController.swift */; };
		B74A387B218EC72A0066EA24 /* UIColor+hex.swift in Sources */ = {isa = PBXBuildFile; fileRef = B74A387A218EC72A0066EA24 /* UIColor+hex.swift */; };
		B74A387D218EC9310066EA24 /* AppColor.swift in Sources */ = {isa = PBXBuildFile; fileRef = B74A387C218EC9310066EA24 /* AppColor.swift */; };
		B74A387F218ECAD10066EA24 /* TabBarController.storyboard in Resources */ = {isa = PBXBuildFile; fileRef = B74A387E218ECAD10066EA24 /* TabBarController.storyboard */; };
		B74A3881218ED0FE0066EA24 /* AMScrollingNavbar.framework in Frameworks */ = {isa = PBXBuildFile; fileRef = B74A3880218ED0FD0066EA24 /* AMScrollingNavbar.framework */; };
		B74A3883218EE0980066EA24 /* SkeletonView.framework in Frameworks */ = {isa = PBXBuildFile; fileRef = B74A3882218EE0980066EA24 /* SkeletonView.framework */; };
		B74A388A218EF06B0066EA24 /* UserViewController.swift in Sources */ = {isa = PBXBuildFile; fileRef = B74A3889218EF06B0066EA24 /* UserViewController.swift */; };
		B74A388C218EF0730066EA24 /* User.storyboard in Resources */ = {isa = PBXBuildFile; fileRef = B74A388B218EF0730066EA24 /* User.storyboard */; };
		B74A3923218FD5660066EA24 /* MarkdownView.framework in Frameworks */ = {isa = PBXBuildFile; fileRef = B74A38E9218FD55C0066EA24 /* MarkdownView.framework */; };
		B76EBCFB21A5FDA800AD0FFB /* SwiftyUserDefaults.framework in Frameworks */ = {isa = PBXBuildFile; fileRef = B76EBCFA21A5FDA800AD0FFB /* SwiftyUserDefaults.framework */; };
		B76EBCFD21A5FDF600AD0FFB /* AppUser.swift in Sources */ = {isa = PBXBuildFile; fileRef = B76EBCFC21A5FDF600AD0FFB /* AppUser.swift */; };
		B76EBD0021A600A700AD0FFB /* Setting.storyboard in Resources */ = {isa = PBXBuildFile; fileRef = B76EBCFF21A600A700AD0FFB /* Setting.storyboard */; };
		B76EBD0321A6014700AD0FFB /* SettingViewController.swift in Sources */ = {isa = PBXBuildFile; fileRef = B76EBD0221A6014700AD0FFB /* SettingViewController.swift */; };
		B76EBD0521A60A4800AD0FFB /* UserStockViewController.swift in Sources */ = {isa = PBXBuildFile; fileRef = B76EBD0421A60A4800AD0FFB /* UserStockViewController.swift */; };
		B76EBD0721A60A9B00AD0FFB /* UserStock.storyboard in Resources */ = {isa = PBXBuildFile; fileRef = B76EBD0621A60A9B00AD0FFB /* UserStock.storyboard */; };
		B76EBD0921A611CD00AD0FFB /* InfoViewController.swift in Sources */ = {isa = PBXBuildFile; fileRef = B76EBD0821A611CD00AD0FFB /* InfoViewController.swift */; };
		B76EBD0B21A611D800AD0FFB /* Info.storyboard in Resources */ = {isa = PBXBuildFile; fileRef = B76EBD0A21A611D800AD0FFB /* Info.storyboard */; };
		B76EBD0D21A6143100AD0FFB /* Device.framework in Frameworks */ = {isa = PBXBuildFile; fileRef = B76EBD0C21A6143100AD0FFB /* Device.framework */; };
		B76EBD0F21A627A100AD0FFB /* FriendView.swift in Sources */ = {isa = PBXBuildFile; fileRef = B76EBD0E21A627A100AD0FFB /* FriendView.swift */; };
		B76EBD1321A6320400AD0FFB /* Friend.storyboard in Resources */ = {isa = PBXBuildFile; fileRef = B76EBD1221A6320400AD0FFB /* Friend.storyboard */; };
		B76EBD1521A6321900AD0FFB /* Follow.storyboard in Resources */ = {isa = PBXBuildFile; fileRef = B76EBD1421A6321900AD0FFB /* Follow.storyboard */; };
		B76EBD1721A6322700AD0FFB /* Follower.storyboard in Resources */ = {isa = PBXBuildFile; fileRef = B76EBD1621A6322700AD0FFB /* Follower.storyboard */; };
		B76EBD1921A6323D00AD0FFB /* FriendViewController.swift in Sources */ = {isa = PBXBuildFile; fileRef = B76EBD1821A6323D00AD0FFB /* FriendViewController.swift */; };
		B76EBD1B21A6324300AD0FFB /* FollowViewController.swift in Sources */ = {isa = PBXBuildFile; fileRef = B76EBD1A21A6324300AD0FFB /* FollowViewController.swift */; };
		B76EBD1D21A6324C00AD0FFB /* FollowerViewController.swift in Sources */ = {isa = PBXBuildFile; fileRef = B76EBD1C21A6324C00AD0FFB /* FollowerViewController.swift */; };
		B76EBD1F21A6441300AD0FFB /* UserShowTableViewCell.swift in Sources */ = {isa = PBXBuildFile; fileRef = B76EBD1E21A6441300AD0FFB /* UserShowTableViewCell.swift */; };
		B76EBD2F21A6D5C300AD0FFB /* AuthViewController.swift in Sources */ = {isa = PBXBuildFile; fileRef = B76EBD2E21A6D5C300AD0FFB /* AuthViewController.swift */; };
		B76EBD3121A6D5E400AD0FFB /* FirstViewController.swift in Sources */ = {isa = PBXBuildFile; fileRef = B76EBD3021A6D5E400AD0FFB /* FirstViewController.swift */; };
		B76EBD3421A6D5FB00AD0FFB /* Auth.storyboard in Resources */ = {isa = PBXBuildFile; fileRef = B76EBD3321A6D5FB00AD0FFB /* Auth.storyboard */; };
		B76EBD3621A6D61200AD0FFB /* First.storyboard in Resources */ = {isa = PBXBuildFile; fileRef = B76EBD3521A6D61200AD0FFB /* First.storyboard */; };
		B76EBD3A21A6EA9E00AD0FFB /* .env.sample in Resources */ = {isa = PBXBuildFile; fileRef = B76EBD3921A6EA9E00AD0FFB /* .env.sample */; };
		B77BAABB21B1671700816E5A /* .env in Resources */ = {isa = PBXBuildFile; fileRef = B77BAABA21B1671700816E5A /* .env */; };
		B77BAADD21B2CC1B00816E5A /* SwipeBackable.swift in Sources */ = {isa = PBXBuildFile; fileRef = B77BAADC21B2CC1B00816E5A /* SwipeBackable.swift */; };
		B780947621CA19A3007B063F /* APIRequest.swift in Sources */ = {isa = PBXBuildFile; fileRef = B780947521CA19A3007B063F /* APIRequest.swift */; };
		B780947821CA19C5007B063F /* Endpoint.swift in Sources */ = {isa = PBXBuildFile; fileRef = B780947721CA19C5007B063F /* Endpoint.swift */; };
		B780947A21CA1A29007B063F /* APIResult.swift in Sources */ = {isa = PBXBuildFile; fileRef = B780947921CA1A29007B063F /* APIResult.swift */; };
		B780947C21CA1A3D007B063F /* APIClient.swift in Sources */ = {isa = PBXBuildFile; fileRef = B780947B21CA1A3D007B063F /* APIClient.swift */; };
		B780948021CA2872007B063F /* UserRequests.swift in Sources */ = {isa = PBXBuildFile; fileRef = B780947F21CA2872007B063F /* UserRequests.swift */; };
		B780948221CA293E007B063F /* UserAPI.swift in Sources */ = {isa = PBXBuildFile; fileRef = B780948121CA293E007B063F /* UserAPI.swift */; };
		B780948421CA2A62007B063F /* ArticleRequests.swift in Sources */ = {isa = PBXBuildFile; fileRef = B780948321CA2A62007B063F /* ArticleRequests.swift */; };
		B780948621CA2B85007B063F /* ArticleAPI.swift in Sources */ = {isa = PBXBuildFile; fileRef = B780948521CA2B85007B063F /* ArticleAPI.swift */; };
		B786C3DD21A7ECD00026BA1E /* AccessToken.swift in Sources */ = {isa = PBXBuildFile; fileRef = B786C3DC21A7ECD00026BA1E /* AccessToken.swift */; };
		B7A922CF21AF1D8600D94AE7 /* NewArticleViewController.swift in Sources */ = {isa = PBXBuildFile; fileRef = B7A922CE21AF1D8600D94AE7 /* NewArticleViewController.swift */; };
		B7A922D121AF1DB000D94AE7 /* NewArticle.storyboard in Resources */ = {isa = PBXBuildFile; fileRef = B7A922D021AF1DB000D94AE7 /* NewArticle.storyboard */; };
		B7A922E421B0C91D00D94AE7 /* Settings.bundle in Resources */ = {isa = PBXBuildFile; fileRef = B7A922E321B0C91D00D94AE7 /* Settings.bundle */; };
		B7BC96CE21B50B0600022175 /* String.swift in Sources */ = {isa = PBXBuildFile; fileRef = B7BC96CD21B50B0600022175 /* String.swift */; };
		B7EFBFF921A0A68A001A4BD4 /* TabBarController.swift in Sources */ = {isa = PBXBuildFile; fileRef = B7EFBFF821A0A68A001A4BD4 /* TabBarController.swift */; };
		B7EFBFFF21A0B584001A4BD4 /* XLPagerTabStrip.framework in Frameworks */ = {isa = PBXBuildFile; fileRef = B7EFBFFE21A0B584001A4BD4 /* XLPagerTabStrip.framework */; };
		B7EFC00121A0B850001A4BD4 /* Storyboard.swift in Sources */ = {isa = PBXBuildFile; fileRef = B7EFC00021A0B850001A4BD4 /* Storyboard.swift */; };
		B7EFC00321A0B899001A4BD4 /* UserArticle.storyboard in Resources */ = {isa = PBXBuildFile; fileRef = B7EFC00221A0B899001A4BD4 /* UserArticle.storyboard */; };
		B7FBAB2821B8C38D004673DA /* Tracker.swift in Sources */ = {isa = PBXBuildFile; fileRef = B7FBAB2721B8C38D004673DA /* Tracker.swift */; };
/* End PBXBuildFile section */

/* Begin PBXFileReference section */
		00ACCAAED24096942271B36A /* Pods-Qiita_Client.debug.xcconfig */ = {isa = PBXFileReference; includeInIndex = 1; lastKnownFileType = text.xcconfig; name = "Pods-Qiita_Client.debug.xcconfig"; path = "Pods/Target Support Files/Pods-Qiita_Client/Pods-Qiita_Client.debug.xcconfig"; sourceTree = "<group>"; };
		1312E416C408D703CA004254 /* Pods-Qiita_Client.release.xcconfig */ = {isa = PBXFileReference; includeInIndex = 1; lastKnownFileType = text.xcconfig; name = "Pods-Qiita_Client.release.xcconfig"; path = "Pods/Target Support Files/Pods-Qiita_Client/Pods-Qiita_Client.release.xcconfig"; sourceTree = "<group>"; };
		965611AC270CB7A7E8E81DB3 /* Pods_Qiita_Client.framework */ = {isa = PBXFileReference; explicitFileType = wrapper.framework; includeInIndex = 0; path = Pods_Qiita_Client.framework; sourceTree = BUILT_PRODUCTS_DIR; };
		B71555C1219750D0004A1399 /* MainViewController.swift */ = {isa = PBXFileReference; lastKnownFileType = sourcecode.swift; path = MainViewController.swift; sourceTree = "<group>"; };
		B71555C321975550004A1399 /* UserArticleViewController.swift */ = {isa = PBXFileReference; lastKnownFileType = sourcecode.swift; path = UserArticleViewController.swift; sourceTree = "<group>"; };
		B715F7DC21958E2600BE0218 /* ArticleTableViewCell.swift */ = {isa = PBXFileReference; lastKnownFileType = sourcecode.swift; path = ArticleTableViewCell.swift; sourceTree = "<group>"; };
		B715F7DE2195915300BE0218 /* ProfileModel.swift */ = {isa = PBXFileReference; lastKnownFileType = sourcecode.swift; path = ProfileModel.swift; sourceTree = "<group>"; };
		B732C0F121A94A8D00C91FCC /* TwitterAlert.framework */ = {isa = PBXFileReference; lastKnownFileType = wrapper.framework; name = TwitterAlert.framework; path = Carthage/Build/iOS/TwitterAlert.framework; sourceTree = "<group>"; };
		B74A384A218D1EA60066EA24 /* Qiita_Client.app */ = {isa = PBXFileReference; explicitFileType = wrapper.application; includeInIndex = 0; path = Qiita_Client.app; sourceTree = BUILT_PRODUCTS_DIR; };
		B74A384D218D1EA60066EA24 /* AppDelegate.swift */ = {isa = PBXFileReference; lastKnownFileType = sourcecode.swift; path = AppDelegate.swift; sourceTree = "<group>"; };
		B74A3854218D1EA70066EA24 /* Assets.xcassets */ = {isa = PBXFileReference; lastKnownFileType = folder.assetcatalog; path = Assets.xcassets; sourceTree = "<group>"; };
		B74A3857218D1EA70066EA24 /* Base */ = {isa = PBXFileReference; lastKnownFileType = file.storyboard; name = Base; path = Base.lproj/LaunchScreen.storyboard; sourceTree = "<group>"; };
		B74A3859218D1EA70066EA24 /* Info.plist */ = {isa = PBXFileReference; lastKnownFileType = text.plist.xml; path = Info.plist; sourceTree = "<group>"; };
		B74A3860218D24300066EA24 /* RxCocoa.framework */ = {isa = PBXFileReference; lastKnownFileType = wrapper.framework; name = RxCocoa.framework; path = Carthage/Build/iOS/RxCocoa.framework; sourceTree = "<group>"; };
		B74A3861218D24300066EA24 /* Alamofire.framework */ = {isa = PBXFileReference; lastKnownFileType = wrapper.framework; name = Alamofire.framework; path = Carthage/Build/iOS/Alamofire.framework; sourceTree = "<group>"; };
		B74A3862218D24300066EA24 /* RxSwift.framework */ = {isa = PBXFileReference; lastKnownFileType = wrapper.framework; name = RxSwift.framework; path = Carthage/Build/iOS/RxSwift.framework; sourceTree = "<group>"; };
		B74A3863218D24300066EA24 /* SDWebImage.framework */ = {isa = PBXFileReference; lastKnownFileType = wrapper.framework; name = SDWebImage.framework; path = Carthage/Build/iOS/SDWebImage.framework; sourceTree = "<group>"; };
		B74A3864218D24300066EA24 /* SnapKit.framework */ = {isa = PBXFileReference; lastKnownFileType = wrapper.framework; name = SnapKit.framework; path = Carthage/Build/iOS/SnapKit.framework; sourceTree = "<group>"; };
		B74A3875218DEE590066EA24 /* ArticleModel.swift */ = {isa = PBXFileReference; lastKnownFileType = sourcecode.swift; path = ArticleModel.swift; sourceTree = "<group>"; };
		B74A3877218EAB940066EA24 /* ArticleViewController.swift */ = {isa = PBXFileReference; lastKnownFileType = sourcecode.swift; path = ArticleViewController.swift; sourceTree = "<group>"; };
		B74A387A218EC72A0066EA24 /* UIColor+hex.swift */ = {isa = PBXFileReference; lastKnownFileType = sourcecode.swift; path = "UIColor+hex.swift"; sourceTree = "<group>"; };
		B74A387C218EC9310066EA24 /* AppColor.swift */ = {isa = PBXFileReference; lastKnownFileType = sourcecode.swift; path = AppColor.swift; sourceTree = "<group>"; };
		B74A387E218ECAD10066EA24 /* TabBarController.storyboard */ = {isa = PBXFileReference; lastKnownFileType = file.storyboard; path = TabBarController.storyboard; sourceTree = "<group>"; };
		B74A3880218ED0FD0066EA24 /* AMScrollingNavbar.framework */ = {isa = PBXFileReference; lastKnownFileType = wrapper.framework; name = AMScrollingNavbar.framework; path = Carthage/Build/iOS/AMScrollingNavbar.framework; sourceTree = "<group>"; };
		B74A3882218EE0980066EA24 /* SkeletonView.framework */ = {isa = PBXFileReference; lastKnownFileType = wrapper.framework; name = SkeletonView.framework; path = Carthage/Build/iOS/SkeletonView.framework; sourceTree = "<group>"; };
		B74A3889218EF06B0066EA24 /* UserViewController.swift */ = {isa = PBXFileReference; lastKnownFileType = sourcecode.swift; path = UserViewController.swift; sourceTree = "<group>"; };
		B74A388B218EF0730066EA24 /* User.storyboard */ = {isa = PBXFileReference; lastKnownFileType = file.storyboard; path = User.storyboard; sourceTree = "<group>"; };
		B74A38D9218FD55C0066EA24 /* .Alamofire.version */ = {isa = PBXFileReference; lastKnownFileType = text; path = .Alamofire.version; sourceTree = "<group>"; };
		B74A38DB218FD55C0066EA24 /* 1DFF7BB8-5D16-33EE-9881-897756CE6559.bcsymbolmap */ = {isa = PBXFileReference; lastKnownFileType = text; path = "1DFF7BB8-5D16-33EE-9881-897756CE6559.bcsymbolmap"; sourceTree = "<group>"; };
		B74A38DC218FD55C0066EA24 /* RxAtomic.framework.dSYM */ = {isa = PBXFileReference; lastKnownFileType = wrapper.dsym; path = RxAtomic.framework.dSYM; sourceTree = "<group>"; };
		B74A38DD218FD55C0066EA24 /* 2113D611-530C-345B-A405-65BCCFF7E948.bcsymbolmap */ = {isa = PBXFileReference; lastKnownFileType = text; path = "2113D611-530C-345B-A405-65BCCFF7E948.bcsymbolmap"; sourceTree = "<group>"; };
		B74A38DE218FD55C0066EA24 /* MMMarkdown.framework */ = {isa = PBXFileReference; lastKnownFileType = wrapper.framework; path = MMMarkdown.framework; sourceTree = "<group>"; };
		B74A38DF218FD55C0066EA24 /* MMMarkdown.framework.dSYM */ = {isa = PBXFileReference; lastKnownFileType = wrapper.dsym; path = MMMarkdown.framework.dSYM; sourceTree = "<group>"; };
		B74A38E0218FD55C0066EA24 /* 3A85AFED-0F36-37F9-8350-8F196DFBFA63.bcsymbolmap */ = {isa = PBXFileReference; lastKnownFileType = text; path = "3A85AFED-0F36-37F9-8350-8F196DFBFA63.bcsymbolmap"; sourceTree = "<group>"; };
		B74A38E1218FD55C0066EA24 /* RxAtomic.framework */ = {isa = PBXFileReference; lastKnownFileType = wrapper.framework; path = RxAtomic.framework; sourceTree = "<group>"; };
		B74A38E2218FD55C0066EA24 /* .RxSwift.version */ = {isa = PBXFileReference; lastKnownFileType = text; path = .RxSwift.version; sourceTree = "<group>"; };
		B74A38E4218FD55C0066EA24 /* 502C0FBD-E042-3F9E-8BEA-A77609F096E1.bcsymbolmap */ = {isa = PBXFileReference; lastKnownFileType = text; path = "502C0FBD-E042-3F9E-8BEA-A77609F096E1.bcsymbolmap"; sourceTree = "<group>"; };
		B74A38E5218FD55C0066EA24 /* 9FDD8D24-BE8D-3255-B78D-AC6F7385B891.bcsymbolmap */ = {isa = PBXFileReference; lastKnownFileType = text; path = "9FDD8D24-BE8D-3255-B78D-AC6F7385B891.bcsymbolmap"; sourceTree = "<group>"; };
		B74A38E6218FD55C0066EA24 /* 02C5C209-BD4C-3011-BA4B-07470464EFA6.bcsymbolmap */ = {isa = PBXFileReference; lastKnownFileType = text; path = "02C5C209-BD4C-3011-BA4B-07470464EFA6.bcsymbolmap"; sourceTree = "<group>"; };
		B74A38E7218FD55C0066EA24 /* MarkdownView.framework.dSYM */ = {isa = PBXFileReference; lastKnownFileType = wrapper.dsym; path = MarkdownView.framework.dSYM; sourceTree = "<group>"; };
		B74A38E8218FD55C0066EA24 /* AMScrollingNavbar.framework.dSYM */ = {isa = PBXFileReference; lastKnownFileType = wrapper.dsym; path = AMScrollingNavbar.framework.dSYM; sourceTree = "<group>"; };
		B74A38E9218FD55C0066EA24 /* MarkdownView.framework */ = {isa = PBXFileReference; lastKnownFileType = wrapper.framework; path = MarkdownView.framework; sourceTree = "<group>"; };
		B74A38EA218FD55C0066EA24 /* 56693EBD-D572-379D-B338-91CDC42BCC53.bcsymbolmap */ = {isa = PBXFileReference; lastKnownFileType = text; path = "56693EBD-D572-379D-B338-91CDC42BCC53.bcsymbolmap"; sourceTree = "<group>"; };
		B74A38EB218FD55C0066EA24 /* RxBlocking.framework.dSYM */ = {isa = PBXFileReference; lastKnownFileType = wrapper.dsym; path = RxBlocking.framework.dSYM; sourceTree = "<group>"; };
		B74A38EC218FD55C0066EA24 /* AMScrollingNavbar.framework */ = {isa = PBXFileReference; lastKnownFileType = wrapper.framework; path = AMScrollingNavbar.framework; sourceTree = "<group>"; };
		B74A38ED218FD55C0066EA24 /* SnapKit.framework.dSYM */ = {isa = PBXFileReference; lastKnownFileType = wrapper.dsym; path = SnapKit.framework.dSYM; sourceTree = "<group>"; };
		B74A38EE218FD55C0066EA24 /* 6B587F7E-16D8-372D-90EA-45B9B5590967.bcsymbolmap */ = {isa = PBXFileReference; lastKnownFileType = text; path = "6B587F7E-16D8-372D-90EA-45B9B5590967.bcsymbolmap"; sourceTree = "<group>"; };
		B74A38EF218FD55C0066EA24 /* C2A4B93A-4A67-3356-A342-285D02D347AD.bcsymbolmap */ = {isa = PBXFileReference; lastKnownFileType = text; path = "C2A4B93A-4A67-3356-A342-285D02D347AD.bcsymbolmap"; sourceTree = "<group>"; };
		B74A38F0218FD55C0066EA24 /* 100DA79B-E0CE-353C-A731-9C2484033525.bcsymbolmap */ = {isa = PBXFileReference; lastKnownFileType = text; path = "100DA79B-E0CE-353C-A731-9C2484033525.bcsymbolmap"; sourceTree = "<group>"; };
		B74A38F1218FD55C0066EA24 /* RxAtomic.framework.dSYM */ = {isa = PBXFileReference; lastKnownFileType = wrapper.dsym; path = RxAtomic.framework.dSYM; sourceTree = "<group>"; };
		B74A38F2218FD55C0066EA24 /* E2994C10-4DE6-33FB-AB03-013ADD824DB8.bcsymbolmap */ = {isa = PBXFileReference; lastKnownFileType = text; path = "E2994C10-4DE6-33FB-AB03-013ADD824DB8.bcsymbolmap"; sourceTree = "<group>"; };
		B74A38F3218FD55C0066EA24 /* RxTest.framework */ = {isa = PBXFileReference; lastKnownFileType = wrapper.framework; path = RxTest.framework; sourceTree = "<group>"; };
		B74A38F4218FD55C0066EA24 /* 4F85BD46-885A-32EE-8B78-E5E9A905270F.bcsymbolmap */ = {isa = PBXFileReference; lastKnownFileType = text; path = "4F85BD46-885A-32EE-8B78-E5E9A905270F.bcsymbolmap"; sourceTree = "<group>"; };
		B74A38F5218FD55C0066EA24 /* MMMarkdown.framework */ = {isa = PBXFileReference; lastKnownFileType = wrapper.framework; path = MMMarkdown.framework; sourceTree = "<group>"; };
		B74A38F6218FD55C0066EA24 /* MMMarkdown.framework.dSYM */ = {isa = PBXFileReference; lastKnownFileType = wrapper.dsym; path = MMMarkdown.framework.dSYM; sourceTree = "<group>"; };
		B74A38F7218FD55C0066EA24 /* 47FC9C40-5B43-367C-887C-F1FAA16B2BCF.bcsymbolmap */ = {isa = PBXFileReference; lastKnownFileType = text; path = "47FC9C40-5B43-367C-887C-F1FAA16B2BCF.bcsymbolmap"; sourceTree = "<group>"; };
		B74A38F8218FD55C0066EA24 /* 847EE951-EA56-38E6-B4CA-10DF6ACE390B.bcsymbolmap */ = {isa = PBXFileReference; lastKnownFileType = text; path = "847EE951-EA56-38E6-B4CA-10DF6ACE390B.bcsymbolmap"; sourceTree = "<group>"; };
		B74A38F9218FD55C0066EA24 /* RxCocoa.framework.dSYM */ = {isa = PBXFileReference; lastKnownFileType = wrapper.dsym; path = RxCocoa.framework.dSYM; sourceTree = "<group>"; };
		B74A38FA218FD55C0066EA24 /* SkeletonView.framework */ = {isa = PBXFileReference; lastKnownFileType = wrapper.framework; path = SkeletonView.framework; sourceTree = "<group>"; };
		B74A38FB218FD55C0066EA24 /* 406A6B00-3BE2-32C6-ABC0-9B959EB958F2.bcsymbolmap */ = {isa = PBXFileReference; lastKnownFileType = text; path = "406A6B00-3BE2-32C6-ABC0-9B959EB958F2.bcsymbolmap"; sourceTree = "<group>"; };
		B74A38FC218FD55C0066EA24 /* SkeletonView.framework.dSYM */ = {isa = PBXFileReference; lastKnownFileType = wrapper.dsym; path = SkeletonView.framework.dSYM; sourceTree = "<group>"; };
		B74A38FD218FD55C0066EA24 /* RxSwift.framework.dSYM */ = {isa = PBXFileReference; lastKnownFileType = wrapper.dsym; path = RxSwift.framework.dSYM; sourceTree = "<group>"; };
		B74A38FE218FD55C0066EA24 /* RxAtomic.framework */ = {isa = PBXFileReference; lastKnownFileType = wrapper.framework; path = RxAtomic.framework; sourceTree = "<group>"; };
		B74A38FF218FD55C0066EA24 /* SDWebImage.framework.dSYM */ = {isa = PBXFileReference; lastKnownFileType = wrapper.dsym; path = SDWebImage.framework.dSYM; sourceTree = "<group>"; };
		B74A3900218FD55C0066EA24 /* F258F6D1-EE85-3521-852C-94CE7B790AFE.bcsymbolmap */ = {isa = PBXFileReference; lastKnownFileType = text; path = "F258F6D1-EE85-3521-852C-94CE7B790AFE.bcsymbolmap"; sourceTree = "<group>"; };
		B74A3901218FD55C0066EA24 /* E6D58782-7D27-30D1-847D-C5D2481AF949.bcsymbolmap */ = {isa = PBXFileReference; lastKnownFileType = text; path = "E6D58782-7D27-30D1-847D-C5D2481AF949.bcsymbolmap"; sourceTree = "<group>"; };
		B74A3902218FD55C0066EA24 /* RxTest.framework.dSYM */ = {isa = PBXFileReference; lastKnownFileType = wrapper.dsym; path = RxTest.framework.dSYM; sourceTree = "<group>"; };
		B74A3903218FD55C0066EA24 /* SnapKit.framework */ = {isa = PBXFileReference; lastKnownFileType = wrapper.framework; path = SnapKit.framework; sourceTree = "<group>"; };
		B74A3904218FD55C0066EA24 /* Alamofire.framework */ = {isa = PBXFileReference; lastKnownFileType = wrapper.framework; path = Alamofire.framework; sourceTree = "<group>"; };
		B74A3905218FD55C0066EA24 /* AA6CF1BA-2311-3B98-B937-1D2E07FB23A7.bcsymbolmap */ = {isa = PBXFileReference; lastKnownFileType = text; path = "AA6CF1BA-2311-3B98-B937-1D2E07FB23A7.bcsymbolmap"; sourceTree = "<group>"; };
		B74A3906218FD55C0066EA24 /* 1E6B6113-FBEC-33CB-9B22-5CADDE405EA2.bcsymbolmap */ = {isa = PBXFileReference; lastKnownFileType = text; path = "1E6B6113-FBEC-33CB-9B22-5CADDE405EA2.bcsymbolmap"; sourceTree = "<group>"; };
		B74A3907218FD55C0066EA24 /* 471B6B86-F3F6-346B-852F-ECD2B018E68E.bcsymbolmap */ = {isa = PBXFileReference; lastKnownFileType = text; path = "471B6B86-F3F6-346B-852F-ECD2B018E68E.bcsymbolmap"; sourceTree = "<group>"; };
		B74A3908218FD55C0066EA24 /* SDWebImage.framework */ = {isa = PBXFileReference; lastKnownFileType = wrapper.framework; path = SDWebImage.framework; sourceTree = "<group>"; };
		B74A3909218FD55C0066EA24 /* A9361DDD-4916-3386-A09E-B2AF5239FA26.bcsymbolmap */ = {isa = PBXFileReference; lastKnownFileType = text; path = "A9361DDD-4916-3386-A09E-B2AF5239FA26.bcsymbolmap"; sourceTree = "<group>"; };
		B74A390A218FD55C0066EA24 /* 40A1F8F5-7EA1-390E-A8C2-0C514458E6BC.bcsymbolmap */ = {isa = PBXFileReference; lastKnownFileType = text; path = "40A1F8F5-7EA1-390E-A8C2-0C514458E6BC.bcsymbolmap"; sourceTree = "<group>"; };
		B74A390B218FD55C0066EA24 /* 24D64FBB-4CDF-3D83-91EB-C988CC1D62EC.bcsymbolmap */ = {isa = PBXFileReference; lastKnownFileType = text; path = "24D64FBB-4CDF-3D83-91EB-C988CC1D62EC.bcsymbolmap"; sourceTree = "<group>"; };
		B74A390C218FD55C0066EA24 /* 22EB9FAA-DF68-3AD3-AC2A-EBC464DF8198.bcsymbolmap */ = {isa = PBXFileReference; lastKnownFileType = text; path = "22EB9FAA-DF68-3AD3-AC2A-EBC464DF8198.bcsymbolmap"; sourceTree = "<group>"; };
		B74A390D218FD55C0066EA24 /* D723FF9C-531B-3C8A-A13B-9EBBA6CCE8D4.bcsymbolmap */ = {isa = PBXFileReference; lastKnownFileType = text; path = "D723FF9C-531B-3C8A-A13B-9EBBA6CCE8D4.bcsymbolmap"; sourceTree = "<group>"; };
		B74A390E218FD55C0066EA24 /* DBF69C4A-DD5F-3632-9740-6F3C253CFC51.bcsymbolmap */ = {isa = PBXFileReference; lastKnownFileType = text; path = "DBF69C4A-DD5F-3632-9740-6F3C253CFC51.bcsymbolmap"; sourceTree = "<group>"; };
		B74A390F218FD55C0066EA24 /* RxCocoa.framework */ = {isa = PBXFileReference; lastKnownFileType = wrapper.framework; path = RxCocoa.framework; sourceTree = "<group>"; };
		B74A3910218FD55C0066EA24 /* RxSwift.framework */ = {isa = PBXFileReference; lastKnownFileType = wrapper.framework; path = RxSwift.framework; sourceTree = "<group>"; };
		B74A3911218FD55C0066EA24 /* Alamofire.framework.dSYM */ = {isa = PBXFileReference; lastKnownFileType = wrapper.dsym; path = Alamofire.framework.dSYM; sourceTree = "<group>"; };
		B74A3912218FD55C0066EA24 /* 8E90EF18-EA1B-3FE8-8AF8-1D8BFFB6E92C.bcsymbolmap */ = {isa = PBXFileReference; lastKnownFileType = text; path = "8E90EF18-EA1B-3FE8-8AF8-1D8BFFB6E92C.bcsymbolmap"; sourceTree = "<group>"; };
		B74A3913218FD55C0066EA24 /* RxBlocking.framework */ = {isa = PBXFileReference; lastKnownFileType = wrapper.framework; path = RxBlocking.framework; sourceTree = "<group>"; };
		B74A3914218FD55C0066EA24 /* .MarkdownView.version */ = {isa = PBXFileReference; lastKnownFileType = text; path = .MarkdownView.version; sourceTree = "<group>"; };
		B74A3916218FD55C0066EA24 /* RxAtomic.framework.dSYM */ = {isa = PBXFileReference; lastKnownFileType = wrapper.dsym; path = RxAtomic.framework.dSYM; sourceTree = "<group>"; };
		B74A3917218FD55C0066EA24 /* MMMarkdown.framework */ = {isa = PBXFileReference; lastKnownFileType = wrapper.framework; path = MMMarkdown.framework; sourceTree = "<group>"; };
		B74A3918218FD55C0066EA24 /* MMMarkdown.framework.dSYM */ = {isa = PBXFileReference; lastKnownFileType = wrapper.dsym; path = MMMarkdown.framework.dSYM; sourceTree = "<group>"; };
		B74A3919218FD55C0066EA24 /* RxAtomic.framework */ = {isa = PBXFileReference; lastKnownFileType = wrapper.framework; path = RxAtomic.framework; sourceTree = "<group>"; };
		B74A391B218FD55C0066EA24 /* 727AEEF2-402D-30C5-955F-02CEC9954A6A.bcsymbolmap */ = {isa = PBXFileReference; lastKnownFileType = text; path = "727AEEF2-402D-30C5-955F-02CEC9954A6A.bcsymbolmap"; sourceTree = "<group>"; };
		B74A391C218FD55C0066EA24 /* MMMarkdown.framework */ = {isa = PBXFileReference; lastKnownFileType = wrapper.framework; path = MMMarkdown.framework; sourceTree = "<group>"; };
		B74A391D218FD55C0066EA24 /* MMMarkdown.framework.dSYM */ = {isa = PBXFileReference; lastKnownFileType = wrapper.dsym; path = MMMarkdown.framework.dSYM; sourceTree = "<group>"; };
		B74A391E218FD55C0066EA24 /* .MMMarkdown.version */ = {isa = PBXFileReference; lastKnownFileType = text; path = .MMMarkdown.version; sourceTree = "<group>"; };
		B74A391F218FD55C0066EA24 /* .SnapKit.version */ = {isa = PBXFileReference; lastKnownFileType = text; path = .SnapKit.version; sourceTree = "<group>"; };
		B74A3920218FD55C0066EA24 /* .SDWebImage.version */ = {isa = PBXFileReference; lastKnownFileType = text; path = .SDWebImage.version; sourceTree = "<group>"; };
		B74A3921218FD55C0066EA24 /* .SkeletonView.version */ = {isa = PBXFileReference; lastKnownFileType = text; path = .SkeletonView.version; sourceTree = "<group>"; };
		B74A3922218FD55C0066EA24 /* .AMScrollingNavbar.version */ = {isa = PBXFileReference; lastKnownFileType = text; path = .AMScrollingNavbar.version; sourceTree = "<group>"; };
		B76EBCFA21A5FDA800AD0FFB /* SwiftyUserDefaults.framework */ = {isa = PBXFileReference; lastKnownFileType = wrapper.framework; name = SwiftyUserDefaults.framework; path = Carthage/Build/iOS/SwiftyUserDefaults.framework; sourceTree = "<group>"; };
		B76EBCFC21A5FDF600AD0FFB /* AppUser.swift */ = {isa = PBXFileReference; lastKnownFileType = sourcecode.swift; path = AppUser.swift; sourceTree = "<group>"; };
		B76EBCFF21A600A700AD0FFB /* Setting.storyboard */ = {isa = PBXFileReference; lastKnownFileType = file.storyboard; path = Setting.storyboard; sourceTree = "<group>"; };
		B76EBD0221A6014700AD0FFB /* SettingViewController.swift */ = {isa = PBXFileReference; lastKnownFileType = sourcecode.swift; path = SettingViewController.swift; sourceTree = "<group>"; };
		B76EBD0421A60A4800AD0FFB /* UserStockViewController.swift */ = {isa = PBXFileReference; lastKnownFileType = sourcecode.swift; path = UserStockViewController.swift; sourceTree = "<group>"; };
		B76EBD0621A60A9B00AD0FFB /* UserStock.storyboard */ = {isa = PBXFileReference; lastKnownFileType = file.storyboard; path = UserStock.storyboard; sourceTree = "<group>"; };
		B76EBD0821A611CD00AD0FFB /* InfoViewController.swift */ = {isa = PBXFileReference; lastKnownFileType = sourcecode.swift; path = InfoViewController.swift; sourceTree = "<group>"; };
		B76EBD0A21A611D800AD0FFB /* Info.storyboard */ = {isa = PBXFileReference; lastKnownFileType = file.storyboard; path = Info.storyboard; sourceTree = "<group>"; };
		B76EBD0C21A6143100AD0FFB /* Device.framework */ = {isa = PBXFileReference; lastKnownFileType = wrapper.framework; name = Device.framework; path = Carthage/Build/iOS/Device.framework; sourceTree = "<group>"; };
		B76EBD0E21A627A100AD0FFB /* FriendView.swift */ = {isa = PBXFileReference; lastKnownFileType = sourcecode.swift; path = FriendView.swift; sourceTree = "<group>"; };
		B76EBD1221A6320400AD0FFB /* Friend.storyboard */ = {isa = PBXFileReference; lastKnownFileType = file.storyboard; path = Friend.storyboard; sourceTree = "<group>"; };
		B76EBD1421A6321900AD0FFB /* Follow.storyboard */ = {isa = PBXFileReference; lastKnownFileType = file.storyboard; path = Follow.storyboard; sourceTree = "<group>"; };
		B76EBD1621A6322700AD0FFB /* Follower.storyboard */ = {isa = PBXFileReference; lastKnownFileType = file.storyboard; path = Follower.storyboard; sourceTree = "<group>"; };
		B76EBD1821A6323D00AD0FFB /* FriendViewController.swift */ = {isa = PBXFileReference; lastKnownFileType = sourcecode.swift; path = FriendViewController.swift; sourceTree = "<group>"; };
		B76EBD1A21A6324300AD0FFB /* FollowViewController.swift */ = {isa = PBXFileReference; lastKnownFileType = sourcecode.swift; path = FollowViewController.swift; sourceTree = "<group>"; };
		B76EBD1C21A6324C00AD0FFB /* FollowerViewController.swift */ = {isa = PBXFileReference; lastKnownFileType = sourcecode.swift; path = FollowerViewController.swift; sourceTree = "<group>"; };
		B76EBD1E21A6441300AD0FFB /* UserShowTableViewCell.swift */ = {isa = PBXFileReference; lastKnownFileType = sourcecode.swift; path = UserShowTableViewCell.swift; sourceTree = "<group>"; };
		B76EBD2E21A6D5C300AD0FFB /* AuthViewController.swift */ = {isa = PBXFileReference; lastKnownFileType = sourcecode.swift; path = AuthViewController.swift; sourceTree = "<group>"; };
		B76EBD3021A6D5E400AD0FFB /* FirstViewController.swift */ = {isa = PBXFileReference; lastKnownFileType = sourcecode.swift; path = FirstViewController.swift; sourceTree = "<group>"; };
		B76EBD3321A6D5FB00AD0FFB /* Auth.storyboard */ = {isa = PBXFileReference; lastKnownFileType = file.storyboard; path = Auth.storyboard; sourceTree = "<group>"; };
		B76EBD3521A6D61200AD0FFB /* First.storyboard */ = {isa = PBXFileReference; lastKnownFileType = file.storyboard; path = First.storyboard; sourceTree = "<group>"; };
		B76EBD3921A6EA9E00AD0FFB /* .env.sample */ = {isa = PBXFileReference; fileEncoding = 4; lastKnownFileType = text; path = .env.sample; sourceTree = "<group>"; };
		B77BAABA21B1671700816E5A /* .env */ = {isa = PBXFileReference; lastKnownFileType = text; path = .env; sourceTree = "<group>"; };
		B77BAADC21B2CC1B00816E5A /* SwipeBackable.swift */ = {isa = PBXFileReference; lastKnownFileType = sourcecode.swift; path = SwipeBackable.swift; sourceTree = "<group>"; };
		B780947521CA19A3007B063F /* APIRequest.swift */ = {isa = PBXFileReference; lastKnownFileType = sourcecode.swift; path = APIRequest.swift; sourceTree = "<group>"; };
		B780947721CA19C5007B063F /* Endpoint.swift */ = {isa = PBXFileReference; lastKnownFileType = sourcecode.swift; path = Endpoint.swift; sourceTree = "<group>"; };
		B780947921CA1A29007B063F /* APIResult.swift */ = {isa = PBXFileReference; lastKnownFileType = sourcecode.swift; path = APIResult.swift; sourceTree = "<group>"; };
		B780947B21CA1A3D007B063F /* APIClient.swift */ = {isa = PBXFileReference; lastKnownFileType = sourcecode.swift; path = APIClient.swift; sourceTree = "<group>"; };
		B780947F21CA2872007B063F /* UserRequests.swift */ = {isa = PBXFileReference; lastKnownFileType = sourcecode.swift; path = UserRequests.swift; sourceTree = "<group>"; };
		B780948121CA293E007B063F /* UserAPI.swift */ = {isa = PBXFileReference; lastKnownFileType = sourcecode.swift; path = UserAPI.swift; sourceTree = "<group>"; };
		B780948321CA2A62007B063F /* ArticleRequests.swift */ = {isa = PBXFileReference; lastKnownFileType = sourcecode.swift; path = ArticleRequests.swift; sourceTree = "<group>"; };
		B780948521CA2B85007B063F /* ArticleAPI.swift */ = {isa = PBXFileReference; lastKnownFileType = sourcecode.swift; path = ArticleAPI.swift; sourceTree = "<group>"; };
		B786C3DC21A7ECD00026BA1E /* AccessToken.swift */ = {isa = PBXFileReference; lastKnownFileType = sourcecode.swift; path = AccessToken.swift; sourceTree = "<group>"; };
		B7A922CE21AF1D8600D94AE7 /* NewArticleViewController.swift */ = {isa = PBXFileReference; lastKnownFileType = sourcecode.swift; path = NewArticleViewController.swift; sourceTree = "<group>"; };
		B7A922D021AF1DB000D94AE7 /* NewArticle.storyboard */ = {isa = PBXFileReference; lastKnownFileType = file.storyboard; path = NewArticle.storyboard; sourceTree = "<group>"; };
		B7A922E321B0C91D00D94AE7 /* Settings.bundle */ = {isa = PBXFileReference; lastKnownFileType = "wrapper.plug-in"; path = Settings.bundle; sourceTree = "<group>"; };
		B7BC96CD21B50B0600022175 /* String.swift */ = {isa = PBXFileReference; lastKnownFileType = sourcecode.swift; path = String.swift; sourceTree = "<group>"; };
		B7EFBFF821A0A68A001A4BD4 /* TabBarController.swift */ = {isa = PBXFileReference; lastKnownFileType = sourcecode.swift; path = TabBarController.swift; sourceTree = "<group>"; };
		B7EFBFFE21A0B584001A4BD4 /* XLPagerTabStrip.framework */ = {isa = PBXFileReference; lastKnownFileType = wrapper.framework; name = XLPagerTabStrip.framework; path = Carthage/Build/iOS/XLPagerTabStrip.framework; sourceTree = "<group>"; };
		B7EFC00021A0B850001A4BD4 /* Storyboard.swift */ = {isa = PBXFileReference; lastKnownFileType = sourcecode.swift; path = Storyboard.swift; sourceTree = "<group>"; };
		B7EFC00221A0B899001A4BD4 /* UserArticle.storyboard */ = {isa = PBXFileReference; lastKnownFileType = file.storyboard; path = UserArticle.storyboard; sourceTree = "<group>"; };
		B7FBAB2721B8C38D004673DA /* Tracker.swift */ = {isa = PBXFileReference; lastKnownFileType = sourcecode.swift; path = Tracker.swift; sourceTree = "<group>"; };
/* End PBXFileReference section */

/* Begin PBXFrameworksBuildPhase section */
		B74A3847218D1EA60066EA24 /* Frameworks */ = {
			isa = PBXFrameworksBuildPhase;
			buildActionMask = 2147483647;
			files = (
				B732C0F221A94A8D00C91FCC /* TwitterAlert.framework in Frameworks */,
				B76EBD0D21A6143100AD0FFB /* Device.framework in Frameworks */,
				B76EBCFB21A5FDA800AD0FFB /* SwiftyUserDefaults.framework in Frameworks */,
				B7EFBFFF21A0B584001A4BD4 /* XLPagerTabStrip.framework in Frameworks */,
				B74A3923218FD5660066EA24 /* MarkdownView.framework in Frameworks */,
				B74A3883218EE0980066EA24 /* SkeletonView.framework in Frameworks */,
				B74A3881218ED0FE0066EA24 /* AMScrollingNavbar.framework in Frameworks */,
				B74A3865218D24300066EA24 /* RxCocoa.framework in Frameworks */,
				B74A3866218D24300066EA24 /* Alamofire.framework in Frameworks */,
				B74A3867218D24300066EA24 /* RxSwift.framework in Frameworks */,
				B74A3868218D24300066EA24 /* SDWebImage.framework in Frameworks */,
				B74A3869218D24300066EA24 /* SnapKit.framework in Frameworks */,
				78ACC802E206FD2F7B8E2382 /* Pods_Qiita_Client.framework in Frameworks */,
			);
			runOnlyForDeploymentPostprocessing = 0;
		};
/* End PBXFrameworksBuildPhase section */

/* Begin PBXGroup section */
		3CB21D49B3EAFCCBD0A33B2C /* Pods */ = {
			isa = PBXGroup;
			children = (
				00ACCAAED24096942271B36A /* Pods-Qiita_Client.debug.xcconfig */,
				1312E416C408D703CA004254 /* Pods-Qiita_Client.release.xcconfig */,
			);
			name = Pods;
			sourceTree = "<group>";
		};
		B715F7DA21958DF900BE0218 /* Cell */ = {
			isa = PBXGroup;
			children = (
				B715F7DC21958E2600BE0218 /* ArticleTableViewCell.swift */,
			);
			name = Cell;
			sourceTree = "<group>";
		};
		B715F7E02196738100BE0218 /* Responses */ = {
			isa = PBXGroup;
			children = (
				B74A3875218DEE590066EA24 /* ArticleModel.swift */,
				B715F7DE2195915300BE0218 /* ProfileModel.swift */,
				B786C3DC21A7ECD00026BA1E /* AccessToken.swift */,
			);
			path = Responses;
			sourceTree = "<group>";
		};
		B74A3841218D1EA50066EA24 = {
			isa = PBXGroup;
			children = (
				B74A384C218D1EA60066EA24 /* Qiita_Client */,
				B74A384B218D1EA60066EA24 /* Products */,
				B74A385F218D242F0066EA24 /* Frameworks */,
				3CB21D49B3EAFCCBD0A33B2C /* Pods */,
			);
			sourceTree = "<group>";
		};
		B74A384B218D1EA60066EA24 /* Products */ = {
			isa = PBXGroup;
			children = (
				B74A384A218D1EA60066EA24 /* Qiita_Client.app */,
			);
			name = Products;
			sourceTree = "<group>";
		};
		B74A384C218D1EA60066EA24 /* Qiita_Client */ = {
			isa = PBXGroup;
			children = (
				B74A386E218DE75B0066EA24 /* StoryBoard */,
				B74A386D218DE7550066EA24 /* Model */,
				B74A386C218DE74F0066EA24 /* View */,
				B74A386B218DE7480066EA24 /* API */,
				B74A3879218EC70A0066EA24 /* Extension */,
				B74A3854218D1EA70066EA24 /* Assets.xcassets */,
				B74A3856218D1EA70066EA24 /* LaunchScreen.storyboard */,
				B74A3859218D1EA70066EA24 /* Info.plist */,
				B7A922E321B0C91D00D94AE7 /* Settings.bundle */,
				B77BAABA21B1671700816E5A /* .env */,
				B76EBD3921A6EA9E00AD0FFB /* .env.sample */,
			);
			path = Qiita_Client;
			sourceTree = "<group>";
		};
		B74A385F218D242F0066EA24 /* Frameworks */ = {
			isa = PBXGroup;
			children = (
				B732C0F121A94A8D00C91FCC /* TwitterAlert.framework */,
				B76EBD0C21A6143100AD0FFB /* Device.framework */,
				B76EBCFA21A5FDA800AD0FFB /* SwiftyUserDefaults.framework */,
				B7EFBFFE21A0B584001A4BD4 /* XLPagerTabStrip.framework */,
				B74A38D8218FD55C0066EA24 /* Build */,
				B74A3882218EE0980066EA24 /* SkeletonView.framework */,
				B74A3880218ED0FD0066EA24 /* AMScrollingNavbar.framework */,
				B74A3861218D24300066EA24 /* Alamofire.framework */,
				B74A3860218D24300066EA24 /* RxCocoa.framework */,
				B74A3862218D24300066EA24 /* RxSwift.framework */,
				B74A3863218D24300066EA24 /* SDWebImage.framework */,
				B74A3864218D24300066EA24 /* SnapKit.framework */,
				965611AC270CB7A7E8E81DB3 /* Pods_Qiita_Client.framework */,
			);
			name = Frameworks;
			sourceTree = "<group>";
		};
		B74A386B218DE7480066EA24 /* API */ = {
			isa = PBXGroup;
			children = (
				B780947421CA1997007B063F /* Requests */,
				B715F7E02196738100BE0218 /* Responses */,
				B780947721CA19C5007B063F /* Endpoint.swift */,
				B780947921CA1A29007B063F /* APIResult.swift */,
				B780947B21CA1A3D007B063F /* APIClient.swift */,
				B780948121CA293E007B063F /* UserAPI.swift */,
				B780948521CA2B85007B063F /* ArticleAPI.swift */,
			);
			name = API;
			sourceTree = "<group>";
		};
		B74A386C218DE74F0066EA24 /* View */ = {
			isa = PBXGroup;
			children = (
				B76EBD0121A6013400AD0FFB /* Setting */,
				B76EBD1021A631E300AD0FFB /* Friend */,
				B74A3887218EF0430066EA24 /* User */,
				B74A3872218DE7A40066EA24 /* Home */,
				B76EBD2D21A6D5B300AD0FFB /* Auth */,
				B74A384D218D1EA60066EA24 /* AppDelegate.swift */,
				B7EFBFF821A0A68A001A4BD4 /* TabBarController.swift */,
			);
			path = View;
			sourceTree = "<group>";
		};
		B74A386D218DE7550066EA24 /* Model */ = {
			isa = PBXGroup;
			children = (
				B74A387C218EC9310066EA24 /* AppColor.swift */,
				B76EBCFC21A5FDF600AD0FFB /* AppUser.swift */,
				B7FBAB2721B8C38D004673DA /* Tracker.swift */,
			);
			name = Model;
			sourceTree = "<group>";
		};
		B74A386E218DE75B0066EA24 /* StoryBoard */ = {
			isa = PBXGroup;
			children = (
				B7EFC00021A0B850001A4BD4 /* Storyboard.swift */,
				B76EBCFE21A6009B00AD0FFB /* Setting */,
				B76EBD1121A631F100AD0FFB /* Friend */,
				B74A3888218EF04D0066EA24 /* User */,
				B74A3871218DE78D0066EA24 /* Home */,
				B76EBD3221A6D5EB00AD0FFB /* Auth */,
				B74A387E218ECAD10066EA24 /* TabBarController.storyboard */,
			);
			path = StoryBoard;
			sourceTree = "<group>";
		};
		B74A3871218DE78D0066EA24 /* Home */ = {
			isa = PBXGroup;
			children = (
				B7A922D021AF1DB000D94AE7 /* NewArticle.storyboard */,
			);
			name = Home;
			sourceTree = "<group>";
		};
		B74A3872218DE7A40066EA24 /* Home */ = {
			isa = PBXGroup;
			children = (
				B7A922CE21AF1D8600D94AE7 /* NewArticleViewController.swift */,
				B74A3877218EAB940066EA24 /* ArticleViewController.swift */,
			);
			name = Home;
			sourceTree = "<group>";
		};
		B74A3879218EC70A0066EA24 /* Extension */ = {
			isa = PBXGroup;
			children = (
				B74A387A218EC72A0066EA24 /* UIColor+hex.swift */,
				B71555C1219750D0004A1399 /* MainViewController.swift */,
				B77BAADC21B2CC1B00816E5A /* SwipeBackable.swift */,
				B7BC96CD21B50B0600022175 /* String.swift */,
			);
			name = Extension;
			sourceTree = "<group>";
		};
		B74A3887218EF0430066EA24 /* User */ = {
			isa = PBXGroup;
			children = (
				B74A3889218EF06B0066EA24 /* UserViewController.swift */,
				B71555C321975550004A1399 /* UserArticleViewController.swift */,
				B76EBD0421A60A4800AD0FFB /* UserStockViewController.swift */,
				B76EBD0E21A627A100AD0FFB /* FriendView.swift */,
				B715F7DA21958DF900BE0218 /* Cell */,
			);
			path = User;
			sourceTree = "<group>";
		};
		B74A3888218EF04D0066EA24 /* User */ = {
			isa = PBXGroup;
			children = (
				B74A388B218EF0730066EA24 /* User.storyboard */,
				B7EFC00221A0B899001A4BD4 /* UserArticle.storyboard */,
				B76EBD0621A60A9B00AD0FFB /* UserStock.storyboard */,
			);
			path = User;
			sourceTree = "<group>";
		};
		B74A38D8218FD55C0066EA24 /* Build */ = {
			isa = PBXGroup;
			children = (
				B74A38D9218FD55C0066EA24 /* .Alamofire.version */,
				B74A38DA218FD55C0066EA24 /* watchOS */,
				B74A38E2218FD55C0066EA24 /* .RxSwift.version */,
				B74A38E3218FD55C0066EA24 /* iOS */,
				B74A3914218FD55C0066EA24 /* .MarkdownView.version */,
				B74A3915218FD55C0066EA24 /* Mac */,
				B74A391A218FD55C0066EA24 /* tvOS */,
				B74A391E218FD55C0066EA24 /* .MMMarkdown.version */,
				B74A391F218FD55C0066EA24 /* .SnapKit.version */,
				B74A3920218FD55C0066EA24 /* .SDWebImage.version */,
				B74A3921218FD55C0066EA24 /* .SkeletonView.version */,
				B74A3922218FD55C0066EA24 /* .AMScrollingNavbar.version */,
			);
			name = Build;
			path = Carthage/Build;
			sourceTree = "<group>";
		};
		B74A38DA218FD55C0066EA24 /* watchOS */ = {
			isa = PBXGroup;
			children = (
				B74A38DB218FD55C0066EA24 /* 1DFF7BB8-5D16-33EE-9881-897756CE6559.bcsymbolmap */,
				B74A38DC218FD55C0066EA24 /* RxAtomic.framework.dSYM */,
				B74A38DD218FD55C0066EA24 /* 2113D611-530C-345B-A405-65BCCFF7E948.bcsymbolmap */,
				B74A38DE218FD55C0066EA24 /* MMMarkdown.framework */,
				B74A38DF218FD55C0066EA24 /* MMMarkdown.framework.dSYM */,
				B74A38E0218FD55C0066EA24 /* 3A85AFED-0F36-37F9-8350-8F196DFBFA63.bcsymbolmap */,
				B74A38E1218FD55C0066EA24 /* RxAtomic.framework */,
			);
			path = watchOS;
			sourceTree = "<group>";
		};
		B74A38E3218FD55C0066EA24 /* iOS */ = {
			isa = PBXGroup;
			children = (
				B74A38E4218FD55C0066EA24 /* 502C0FBD-E042-3F9E-8BEA-A77609F096E1.bcsymbolmap */,
				B74A38E5218FD55C0066EA24 /* 9FDD8D24-BE8D-3255-B78D-AC6F7385B891.bcsymbolmap */,
				B74A38E6218FD55C0066EA24 /* 02C5C209-BD4C-3011-BA4B-07470464EFA6.bcsymbolmap */,
				B74A38E7218FD55C0066EA24 /* MarkdownView.framework.dSYM */,
				B74A38E8218FD55C0066EA24 /* AMScrollingNavbar.framework.dSYM */,
				B74A38E9218FD55C0066EA24 /* MarkdownView.framework */,
				B74A38EA218FD55C0066EA24 /* 56693EBD-D572-379D-B338-91CDC42BCC53.bcsymbolmap */,
				B74A38EB218FD55C0066EA24 /* RxBlocking.framework.dSYM */,
				B74A38EC218FD55C0066EA24 /* AMScrollingNavbar.framework */,
				B74A38ED218FD55C0066EA24 /* SnapKit.framework.dSYM */,
				B74A38EE218FD55C0066EA24 /* 6B587F7E-16D8-372D-90EA-45B9B5590967.bcsymbolmap */,
				B74A38EF218FD55C0066EA24 /* C2A4B93A-4A67-3356-A342-285D02D347AD.bcsymbolmap */,
				B74A38F0218FD55C0066EA24 /* 100DA79B-E0CE-353C-A731-9C2484033525.bcsymbolmap */,
				B74A38F1218FD55C0066EA24 /* RxAtomic.framework.dSYM */,
				B74A38F2218FD55C0066EA24 /* E2994C10-4DE6-33FB-AB03-013ADD824DB8.bcsymbolmap */,
				B74A38F3218FD55C0066EA24 /* RxTest.framework */,
				B74A38F4218FD55C0066EA24 /* 4F85BD46-885A-32EE-8B78-E5E9A905270F.bcsymbolmap */,
				B74A38F5218FD55C0066EA24 /* MMMarkdown.framework */,
				B74A38F6218FD55C0066EA24 /* MMMarkdown.framework.dSYM */,
				B74A38F7218FD55C0066EA24 /* 47FC9C40-5B43-367C-887C-F1FAA16B2BCF.bcsymbolmap */,
				B74A38F8218FD55C0066EA24 /* 847EE951-EA56-38E6-B4CA-10DF6ACE390B.bcsymbolmap */,
				B74A38F9218FD55C0066EA24 /* RxCocoa.framework.dSYM */,
				B74A38FA218FD55C0066EA24 /* SkeletonView.framework */,
				B74A38FB218FD55C0066EA24 /* 406A6B00-3BE2-32C6-ABC0-9B959EB958F2.bcsymbolmap */,
				B74A38FC218FD55C0066EA24 /* SkeletonView.framework.dSYM */,
				B74A38FD218FD55C0066EA24 /* RxSwift.framework.dSYM */,
				B74A38FE218FD55C0066EA24 /* RxAtomic.framework */,
				B74A38FF218FD55C0066EA24 /* SDWebImage.framework.dSYM */,
				B74A3900218FD55C0066EA24 /* F258F6D1-EE85-3521-852C-94CE7B790AFE.bcsymbolmap */,
				B74A3901218FD55C0066EA24 /* E6D58782-7D27-30D1-847D-C5D2481AF949.bcsymbolmap */,
				B74A3902218FD55C0066EA24 /* RxTest.framework.dSYM */,
				B74A3903218FD55C0066EA24 /* SnapKit.framework */,
				B74A3904218FD55C0066EA24 /* Alamofire.framework */,
				B74A3905218FD55C0066EA24 /* AA6CF1BA-2311-3B98-B937-1D2E07FB23A7.bcsymbolmap */,
				B74A3906218FD55C0066EA24 /* 1E6B6113-FBEC-33CB-9B22-5CADDE405EA2.bcsymbolmap */,
				B74A3907218FD55C0066EA24 /* 471B6B86-F3F6-346B-852F-ECD2B018E68E.bcsymbolmap */,
				B74A3908218FD55C0066EA24 /* SDWebImage.framework */,
				B74A3909218FD55C0066EA24 /* A9361DDD-4916-3386-A09E-B2AF5239FA26.bcsymbolmap */,
				B74A390A218FD55C0066EA24 /* 40A1F8F5-7EA1-390E-A8C2-0C514458E6BC.bcsymbolmap */,
				B74A390B218FD55C0066EA24 /* 24D64FBB-4CDF-3D83-91EB-C988CC1D62EC.bcsymbolmap */,
				B74A390C218FD55C0066EA24 /* 22EB9FAA-DF68-3AD3-AC2A-EBC464DF8198.bcsymbolmap */,
				B74A390D218FD55C0066EA24 /* D723FF9C-531B-3C8A-A13B-9EBBA6CCE8D4.bcsymbolmap */,
				B74A390E218FD55C0066EA24 /* DBF69C4A-DD5F-3632-9740-6F3C253CFC51.bcsymbolmap */,
				B74A390F218FD55C0066EA24 /* RxCocoa.framework */,
				B74A3910218FD55C0066EA24 /* RxSwift.framework */,
				B74A3911218FD55C0066EA24 /* Alamofire.framework.dSYM */,
				B74A3912218FD55C0066EA24 /* 8E90EF18-EA1B-3FE8-8AF8-1D8BFFB6E92C.bcsymbolmap */,
				B74A3913218FD55C0066EA24 /* RxBlocking.framework */,
			);
			path = iOS;
			sourceTree = "<group>";
		};
		B74A3915218FD55C0066EA24 /* Mac */ = {
			isa = PBXGroup;
			children = (
				B74A3916218FD55C0066EA24 /* RxAtomic.framework.dSYM */,
				B74A3917218FD55C0066EA24 /* MMMarkdown.framework */,
				B74A3918218FD55C0066EA24 /* MMMarkdown.framework.dSYM */,
				B74A3919218FD55C0066EA24 /* RxAtomic.framework */,
			);
			path = Mac;
			sourceTree = "<group>";
		};
		B74A391A218FD55C0066EA24 /* tvOS */ = {
			isa = PBXGroup;
			children = (
				B74A391B218FD55C0066EA24 /* 727AEEF2-402D-30C5-955F-02CEC9954A6A.bcsymbolmap */,
				B74A391C218FD55C0066EA24 /* MMMarkdown.framework */,
				B74A391D218FD55C0066EA24 /* MMMarkdown.framework.dSYM */,
			);
			path = tvOS;
			sourceTree = "<group>";
		};
		B76EBCFE21A6009B00AD0FFB /* Setting */ = {
			isa = PBXGroup;
			children = (
				B76EBCFF21A600A700AD0FFB /* Setting.storyboard */,
				B76EBD0A21A611D800AD0FFB /* Info.storyboard */,
			);
			name = Setting;
			sourceTree = "<group>";
		};
		B76EBD0121A6013400AD0FFB /* Setting */ = {
			isa = PBXGroup;
			children = (
				B76EBD0221A6014700AD0FFB /* SettingViewController.swift */,
				B76EBD0821A611CD00AD0FFB /* InfoViewController.swift */,
			);
			name = Setting;
			sourceTree = "<group>";
		};
		B76EBD1021A631E300AD0FFB /* Friend */ = {
			isa = PBXGroup;
			children = (
				B76EBD1821A6323D00AD0FFB /* FriendViewController.swift */,
				B76EBD1A21A6324300AD0FFB /* FollowViewController.swift */,
				B76EBD1C21A6324C00AD0FFB /* FollowerViewController.swift */,
				B76EBD2021A644D500AD0FFB /* Cell */,
			);
			path = Friend;
			sourceTree = "<group>";
		};
		B76EBD1121A631F100AD0FFB /* Friend */ = {
			isa = PBXGroup;
			children = (
				B76EBD1221A6320400AD0FFB /* Friend.storyboard */,
				B76EBD1421A6321900AD0FFB /* Follow.storyboard */,
				B76EBD1621A6322700AD0FFB /* Follower.storyboard */,
			);
			path = Friend;
			sourceTree = "<group>";
		};
		B76EBD2021A644D500AD0FFB /* Cell */ = {
			isa = PBXGroup;
			children = (
				B76EBD1E21A6441300AD0FFB /* UserShowTableViewCell.swift */,
			);
			path = Cell;
			sourceTree = "<group>";
		};
		B76EBD2D21A6D5B300AD0FFB /* Auth */ = {
			isa = PBXGroup;
			children = (
				B76EBD2E21A6D5C300AD0FFB /* AuthViewController.swift */,
				B76EBD3021A6D5E400AD0FFB /* FirstViewController.swift */,
			);
			path = Auth;
			sourceTree = "<group>";
		};
		B76EBD3221A6D5EB00AD0FFB /* Auth */ = {
			isa = PBXGroup;
			children = (
				B76EBD3321A6D5FB00AD0FFB /* Auth.storyboard */,
				B76EBD3521A6D61200AD0FFB /* First.storyboard */,
			);
			path = Auth;
			sourceTree = "<group>";
		};
		B780947421CA1997007B063F /* Requests */ = {
			isa = PBXGroup;
			children = (
				B780947521CA19A3007B063F /* APIRequest.swift */,
				B780947F21CA2872007B063F /* UserRequests.swift */,
				B780948321CA2A62007B063F /* ArticleRequests.swift */,
			);
			name = Requests;
			sourceTree = "<group>";
		};
/* End PBXGroup section */

/* Begin PBXNativeTarget section */
		B74A3849218D1EA60066EA24 /* Qiita_Client */ = {
			isa = PBXNativeTarget;
			buildConfigurationList = B74A385C218D1EA70066EA24 /* Build configuration list for PBXNativeTarget "Qiita_Client" */;
			buildPhases = (
				73B139C033A3327881F77F95 /* [CP] Check Pods Manifest.lock */,
				B74A3846218D1EA60066EA24 /* Sources */,
				B74A3847218D1EA60066EA24 /* Frameworks */,
				B74A3848218D1EA60066EA24 /* Resources */,
				B74A386A218D24400066EA24 /* Carthage */,
				B7A922E021B0C7F700D94AE7 /* LicensePlist */,
				D735033D09CAFD5EAAEC3861 /* [CP] Embed Pods Frameworks */,
			);
			buildRules = (
			);
			dependencies = (
			);
			name = Qiita_Client;
			productName = Qiita_Client;
			productReference = B74A384A218D1EA60066EA24 /* Qiita_Client.app */;
			productType = "com.apple.product-type.application";
		};
/* End PBXNativeTarget section */

/* Begin PBXProject section */
		B74A3842218D1EA60066EA24 /* Project object */ = {
			isa = PBXProject;
			attributes = {
				LastSwiftUpdateCheck = 1000;
				LastUpgradeCheck = 1000;
				ORGANIZATIONNAME = tomoki;
				TargetAttributes = {
					B74A3849218D1EA60066EA24 = {
						CreatedOnToolsVersion = 10.0;
					};
				};
			};
			buildConfigurationList = B74A3845218D1EA60066EA24 /* Build configuration list for PBXProject "Qiita_Client" */;
			compatibilityVersion = "Xcode 10.0";
			developmentRegion = en;
			hasScannedForEncodings = 0;
			knownRegions = (
				en,
				Base,
			);
			mainGroup = B74A3841218D1EA50066EA24;
			productRefGroup = B74A384B218D1EA60066EA24 /* Products */;
			projectDirPath = "";
			projectRoot = "";
			targets = (
				B74A3849218D1EA60066EA24 /* Qiita_Client */,
			);
		};
/* End PBXProject section */

/* Begin PBXResourcesBuildPhase section */
		B74A3848218D1EA60066EA24 /* Resources */ = {
			isa = PBXResourcesBuildPhase;
			buildActionMask = 2147483647;
			files = (
				B77BAABB21B1671700816E5A /* .env in Resources */,
				B7A922E421B0C91D00D94AE7 /* Settings.bundle in Resources */,
				B74A3858218D1EA70066EA24 /* LaunchScreen.storyboard in Resources */,
				B76EBD1721A6322700AD0FFB /* Follower.storyboard in Resources */,
				B74A388C218EF0730066EA24 /* User.storyboard in Resources */,
				B74A3855218D1EA70066EA24 /* Assets.xcassets in Resources */,
				B76EBD0721A60A9B00AD0FFB /* UserStock.storyboard in Resources */,
				B7A922D121AF1DB000D94AE7 /* NewArticle.storyboard in Resources */,
				B74A387F218ECAD10066EA24 /* TabBarController.storyboard in Resources */,
				B76EBD3421A6D5FB00AD0FFB /* Auth.storyboard in Resources */,
				B76EBD1321A6320400AD0FFB /* Friend.storyboard in Resources */,
				B7EFC00321A0B899001A4BD4 /* UserArticle.storyboard in Resources */,
				B76EBD0B21A611D800AD0FFB /* Info.storyboard in Resources */,
				B76EBD3A21A6EA9E00AD0FFB /* .env.sample in Resources */,
				B76EBD0021A600A700AD0FFB /* Setting.storyboard in Resources */,
				B76EBD1521A6321900AD0FFB /* Follow.storyboard in Resources */,
				B76EBD3621A6D61200AD0FFB /* First.storyboard in Resources */,
			);
			runOnlyForDeploymentPostprocessing = 0;
		};
/* End PBXResourcesBuildPhase section */

/* Begin PBXShellScriptBuildPhase section */
		73B139C033A3327881F77F95 /* [CP] Check Pods Manifest.lock */ = {
			isa = PBXShellScriptBuildPhase;
			buildActionMask = 2147483647;
			files = (
			);
			inputFileListPaths = (
			);
			inputPaths = (
				"${PODS_PODFILE_DIR_PATH}/Podfile.lock",
				"${PODS_ROOT}/Manifest.lock",
			);
			name = "[CP] Check Pods Manifest.lock";
			outputFileListPaths = (
			);
			outputPaths = (
				"$(DERIVED_FILE_DIR)/Pods-Qiita_Client-checkManifestLockResult.txt",
			);
			runOnlyForDeploymentPostprocessing = 0;
			shellPath = /bin/sh;
			shellScript = "diff \"${PODS_PODFILE_DIR_PATH}/Podfile.lock\" \"${PODS_ROOT}/Manifest.lock\" > /dev/null\nif [ $? != 0 ] ; then\n    # print error to STDERR\n    echo \"error: The sandbox is not in sync with the Podfile.lock. Run 'pod install' or update your CocoaPods installation.\" >&2\n    exit 1\nfi\n# This output is used by Xcode 'outputs' to avoid re-running this script phase.\necho \"SUCCESS\" > \"${SCRIPT_OUTPUT_FILE_0}\"\n";
			showEnvVarsInLog = 0;
		};
		B74A386A218D24400066EA24 /* Carthage */ = {
			isa = PBXShellScriptBuildPhase;
			buildActionMask = 2147483647;
			files = (
			);
			inputFileListPaths = (
			);
			inputPaths = (
				"$(SRCROOT)/Carthage/Build/iOS/Alamofire.framework",
				"$(SRCROOT)/Carthage/Build/iOS/RxSwift.framework",
				"$(SRCROOT)/Carthage/Build/iOS/RxCocoa.framework",
				"$(SRCROOT)/Carthage/Build/iOS/SnapKit.framework",
				"$(SRCROOT)/Carthage/Build/iOS/SDWebImage.framework",
				"$(SRCROOT)/Carthage/Build/iOS/AMScrollingNavbar.framework",
				"$(SRCROOT)/Carthage/Build/iOS/SkeletonView.framework",
				"$(SRCROOT)/Carthage/Build/iOS/MarkdownView.framework",
				"$(SRCROOT)/Carthage/Build/iOS/XLPagerTabStrip.framework",
				"$(SRCROOT)/Carthage/Build/iOS/SwiftyUserDefaults.framework",
				"$(SRCROOT)/Carthage/Build/iOS/Device.framework",
				"$(SRCROOT)/Carthage/Build/iOS/TwitterAlert.framework",
				"$(SRCROOT)/Carthage/Build/iOS/DZNEmptyDataSet.framework",
			);
			name = Carthage;
			outputFileListPaths = (
			);
			outputPaths = (
			);
			runOnlyForDeploymentPostprocessing = 0;
			shellPath = /bin/sh;
			shellScript = "/usr/local/bin/carthage copy-frameworks\n";
		};
		B7A922E021B0C7F700D94AE7 /* LicensePlist */ = {
			isa = PBXShellScriptBuildPhase;
			buildActionMask = 2147483647;
			files = (
			);
			inputFileListPaths = (
			);
			inputPaths = (
			);
			name = LicensePlist;
			outputFileListPaths = (
			);
			outputPaths = (
			);
			runOnlyForDeploymentPostprocessing = 0;
			shellPath = /bin/sh;
			shellScript = "if [ $CONFIGURATION = \"Debug\" ]; then\n${PODS_ROOT}/LicensePlist/license-plist --output-path $PRODUCT_NAME/Settings.bundle\nfi\n";
		};
		D735033D09CAFD5EAAEC3861 /* [CP] Embed Pods Frameworks */ = {
			isa = PBXShellScriptBuildPhase;
			buildActionMask = 2147483647;
			files = (
			);
			inputFileListPaths = (
			);
			inputPaths = (
				"${SRCROOT}/Pods/Target Support Files/Pods-Qiita_Client/Pods-Qiita_Client-frameworks.sh",
				"${BUILT_PRODUCTS_DIR}/Flurry-iOS-SDK/Flurry_iOS_SDK.framework",
			);
			name = "[CP] Embed Pods Frameworks";
			outputFileListPaths = (
			);
			outputPaths = (
				"${TARGET_BUILD_DIR}/${FRAMEWORKS_FOLDER_PATH}/Flurry_iOS_SDK.framework",
			);
			runOnlyForDeploymentPostprocessing = 0;
			shellPath = /bin/sh;
			shellScript = "\"${SRCROOT}/Pods/Target Support Files/Pods-Qiita_Client/Pods-Qiita_Client-frameworks.sh\"\n";
			showEnvVarsInLog = 0;
		};
/* End PBXShellScriptBuildPhase section */

/* Begin PBXSourcesBuildPhase section */
		B74A3846218D1EA60066EA24 /* Sources */ = {
			isa = PBXSourcesBuildPhase;
			buildActionMask = 2147483647;
			files = (
				B7BC96CE21B50B0600022175 /* String.swift in Sources */,
				B74A3876218DEE590066EA24 /* ArticleModel.swift in Sources */,
				B74A388A218EF06B0066EA24 /* UserViewController.swift in Sources */,
				B780947C21CA1A3D007B063F /* APIClient.swift in Sources */,
				B715F7DD21958E2600BE0218 /* ArticleTableViewCell.swift in Sources */,
				B780948621CA2B85007B063F /* ArticleAPI.swift in Sources */,
				B76EBD1B21A6324300AD0FFB /* FollowViewController.swift in Sources */,
				B76EBD1F21A6441300AD0FFB /* UserShowTableViewCell.swift in Sources */,
				B76EBD1D21A6324C00AD0FFB /* FollowerViewController.swift in Sources */,
				B780947821CA19C5007B063F /* Endpoint.swift in Sources */,
				B7EFBFF921A0A68A001A4BD4 /* TabBarController.swift in Sources */,
				B71555C2219750D0004A1399 /* MainViewController.swift in Sources */,
				B74A384E218D1EA60066EA24 /* AppDelegate.swift in Sources */,
				B74A3878218EAB940066EA24 /* ArticleViewController.swift in Sources */,
				B780948221CA293E007B063F /* UserAPI.swift in Sources */,
				B7FBAB2821B8C38D004673DA /* Tracker.swift in Sources */,
				B76EBD2F21A6D5C300AD0FFB /* AuthViewController.swift in Sources */,
				B76EBD0521A60A4800AD0FFB /* UserStockViewController.swift in Sources */,
				B76EBCFD21A5FDF600AD0FFB /* AppUser.swift in Sources */,
				B77BAADD21B2CC1B00816E5A /* SwipeBackable.swift in Sources */,
				B7A922CF21AF1D8600D94AE7 /* NewArticleViewController.swift in Sources */,
				B76EBD1921A6323D00AD0FFB /* FriendViewController.swift in Sources */,
				B74A387D218EC9310066EA24 /* AppColor.swift in Sources */,
				B74A387B218EC72A0066EA24 /* UIColor+hex.swift in Sources */,
				B715F7DF2195915300BE0218 /* ProfileModel.swift in Sources */,
				B76EBD3121A6D5E400AD0FFB /* FirstViewController.swift in Sources */,
				B7EFC00121A0B850001A4BD4 /* Storyboard.swift in Sources */,
				B76EBD0321A6014700AD0FFB /* SettingViewController.swift in Sources */,
				B71555C421975550004A1399 /* UserArticleViewController.swift in Sources */,
				B76EBD0F21A627A100AD0FFB /* FriendView.swift in Sources */,
				B780947A21CA1A29007B063F /* APIResult.swift in Sources */,
				B780948421CA2A62007B063F /* ArticleRequests.swift in Sources */,
				B76EBD0921A611CD00AD0FFB /* InfoViewController.swift in Sources */,
				B780948021CA2872007B063F /* UserRequests.swift in Sources */,
				B780947621CA19A3007B063F /* APIRequest.swift in Sources */,
				B786C3DD21A7ECD00026BA1E /* AccessToken.swift in Sources */,
			);
			runOnlyForDeploymentPostprocessing = 0;
		};
/* End PBXSourcesBuildPhase section */

/* Begin PBXVariantGroup section */
		B74A3856218D1EA70066EA24 /* LaunchScreen.storyboard */ = {
			isa = PBXVariantGroup;
			children = (
				B74A3857218D1EA70066EA24 /* Base */,
			);
			name = LaunchScreen.storyboard;
			sourceTree = "<group>";
		};
/* End PBXVariantGroup section */

/* Begin XCBuildConfiguration section */
		B74A385A218D1EA70066EA24 /* Debug */ = {
			isa = XCBuildConfiguration;
			buildSettings = {
				ALWAYS_SEARCH_USER_PATHS = NO;
				CLANG_ANALYZER_NONNULL = YES;
				CLANG_ANALYZER_NUMBER_OBJECT_CONVERSION = YES_AGGRESSIVE;
				CLANG_CXX_LANGUAGE_STANDARD = "gnu++14";
				CLANG_CXX_LIBRARY = "libc++";
				CLANG_ENABLE_MODULES = YES;
				CLANG_ENABLE_OBJC_ARC = YES;
				CLANG_ENABLE_OBJC_WEAK = YES;
				CLANG_WARN_BLOCK_CAPTURE_AUTORELEASING = YES;
				CLANG_WARN_BOOL_CONVERSION = YES;
				CLANG_WARN_COMMA = YES;
				CLANG_WARN_CONSTANT_CONVERSION = YES;
				CLANG_WARN_DEPRECATED_OBJC_IMPLEMENTATIONS = YES;
				CLANG_WARN_DIRECT_OBJC_ISA_USAGE = YES_ERROR;
				CLANG_WARN_DOCUMENTATION_COMMENTS = YES;
				CLANG_WARN_EMPTY_BODY = YES;
				CLANG_WARN_ENUM_CONVERSION = YES;
				CLANG_WARN_INFINITE_RECURSION = YES;
				CLANG_WARN_INT_CONVERSION = YES;
				CLANG_WARN_NON_LITERAL_NULL_CONVERSION = YES;
				CLANG_WARN_OBJC_IMPLICIT_RETAIN_SELF = YES;
				CLANG_WARN_OBJC_LITERAL_CONVERSION = YES;
				CLANG_WARN_OBJC_ROOT_CLASS = YES_ERROR;
				CLANG_WARN_RANGE_LOOP_ANALYSIS = YES;
				CLANG_WARN_STRICT_PROTOTYPES = YES;
				CLANG_WARN_SUSPICIOUS_MOVE = YES;
				CLANG_WARN_UNGUARDED_AVAILABILITY = YES_AGGRESSIVE;
				CLANG_WARN_UNREACHABLE_CODE = YES;
				CLANG_WARN__DUPLICATE_METHOD_MATCH = YES;
				CODE_SIGN_IDENTITY = "iPhone Developer";
				COPY_PHASE_STRIP = NO;
				DEBUG_INFORMATION_FORMAT = dwarf;
				ENABLE_STRICT_OBJC_MSGSEND = YES;
				ENABLE_TESTABILITY = YES;
				GCC_C_LANGUAGE_STANDARD = gnu11;
				GCC_DYNAMIC_NO_PIC = NO;
				GCC_NO_COMMON_BLOCKS = YES;
				GCC_OPTIMIZATION_LEVEL = 0;
				GCC_PREPROCESSOR_DEFINITIONS = (
					"DEBUG=1",
					"$(inherited)",
				);
				GCC_WARN_64_TO_32_BIT_CONVERSION = YES;
				GCC_WARN_ABOUT_RETURN_TYPE = YES_ERROR;
				GCC_WARN_UNDECLARED_SELECTOR = YES;
				GCC_WARN_UNINITIALIZED_AUTOS = YES_AGGRESSIVE;
				GCC_WARN_UNUSED_FUNCTION = YES;
				GCC_WARN_UNUSED_VARIABLE = YES;
				IPHONEOS_DEPLOYMENT_TARGET = 12.0;
				MTL_ENABLE_DEBUG_INFO = INCLUDE_SOURCE;
				MTL_FAST_MATH = YES;
				ONLY_ACTIVE_ARCH = YES;
				SDKROOT = iphoneos;
				SWIFT_ACTIVE_COMPILATION_CONDITIONS = DEBUG;
				SWIFT_OPTIMIZATION_LEVEL = "-Onone";
			};
			name = Debug;
		};
		B74A385B218D1EA70066EA24 /* Release */ = {
			isa = XCBuildConfiguration;
			buildSettings = {
				ALWAYS_SEARCH_USER_PATHS = NO;
				CLANG_ANALYZER_NONNULL = YES;
				CLANG_ANALYZER_NUMBER_OBJECT_CONVERSION = YES_AGGRESSIVE;
				CLANG_CXX_LANGUAGE_STANDARD = "gnu++14";
				CLANG_CXX_LIBRARY = "libc++";
				CLANG_ENABLE_MODULES = YES;
				CLANG_ENABLE_OBJC_ARC = YES;
				CLANG_ENABLE_OBJC_WEAK = YES;
				CLANG_WARN_BLOCK_CAPTURE_AUTORELEASING = YES;
				CLANG_WARN_BOOL_CONVERSION = YES;
				CLANG_WARN_COMMA = YES;
				CLANG_WARN_CONSTANT_CONVERSION = YES;
				CLANG_WARN_DEPRECATED_OBJC_IMPLEMENTATIONS = YES;
				CLANG_WARN_DIRECT_OBJC_ISA_USAGE = YES_ERROR;
				CLANG_WARN_DOCUMENTATION_COMMENTS = YES;
				CLANG_WARN_EMPTY_BODY = YES;
				CLANG_WARN_ENUM_CONVERSION = YES;
				CLANG_WARN_INFINITE_RECURSION = YES;
				CLANG_WARN_INT_CONVERSION = YES;
				CLANG_WARN_NON_LITERAL_NULL_CONVERSION = YES;
				CLANG_WARN_OBJC_IMPLICIT_RETAIN_SELF = YES;
				CLANG_WARN_OBJC_LITERAL_CONVERSION = YES;
				CLANG_WARN_OBJC_ROOT_CLASS = YES_ERROR;
				CLANG_WARN_RANGE_LOOP_ANALYSIS = YES;
				CLANG_WARN_STRICT_PROTOTYPES = YES;
				CLANG_WARN_SUSPICIOUS_MOVE = YES;
				CLANG_WARN_UNGUARDED_AVAILABILITY = YES_AGGRESSIVE;
				CLANG_WARN_UNREACHABLE_CODE = YES;
				CLANG_WARN__DUPLICATE_METHOD_MATCH = YES;
				CODE_SIGN_IDENTITY = "iPhone Developer";
				COPY_PHASE_STRIP = NO;
				DEBUG_INFORMATION_FORMAT = "dwarf-with-dsym";
				ENABLE_NS_ASSERTIONS = NO;
				ENABLE_STRICT_OBJC_MSGSEND = YES;
				GCC_C_LANGUAGE_STANDARD = gnu11;
				GCC_NO_COMMON_BLOCKS = YES;
				GCC_WARN_64_TO_32_BIT_CONVERSION = YES;
				GCC_WARN_ABOUT_RETURN_TYPE = YES_ERROR;
				GCC_WARN_UNDECLARED_SELECTOR = YES;
				GCC_WARN_UNINITIALIZED_AUTOS = YES_AGGRESSIVE;
				GCC_WARN_UNUSED_FUNCTION = YES;
				GCC_WARN_UNUSED_VARIABLE = YES;
				IPHONEOS_DEPLOYMENT_TARGET = 12.0;
				MTL_ENABLE_DEBUG_INFO = NO;
				MTL_FAST_MATH = YES;
				SDKROOT = iphoneos;
				SWIFT_COMPILATION_MODE = wholemodule;
				SWIFT_OPTIMIZATION_LEVEL = "-O";
				VALIDATE_PRODUCT = YES;
			};
			name = Release;
		};
		B74A385D218D1EA70066EA24 /* Debug */ = {
			isa = XCBuildConfiguration;
			baseConfigurationReference = 00ACCAAED24096942271B36A /* Pods-Qiita_Client.debug.xcconfig */;
			buildSettings = {
				ASSETCATALOG_COMPILER_APPICON_NAME = AppIcon;
				CODE_SIGN_STYLE = Automatic;
				DEVELOPMENT_TEAM = FJMPLD4D4X;
				FRAMEWORK_SEARCH_PATHS = (
					"$(inherited)",
					"$(PROJECT_DIR)/Carthage/Build/iOS",
				);
				INFOPLIST_FILE = Qiita_Client/Info.plist;
				IPHONEOS_DEPLOYMENT_TARGET = 11.0;
				LD_RUNPATH_SEARCH_PATHS = (
					"$(inherited)",
					"@executable_path/Frameworks",
				);
				PRODUCT_BUNDLE_IDENTIFIER = "com.tomoki.Qiita-Client";
				PRODUCT_NAME = "$(TARGET_NAME)";
				SWIFT_VERSION = 4.2;
				TARGETED_DEVICE_FAMILY = "1,2";
			};
			name = Debug;
		};
		B74A385E218D1EA70066EA24 /* Release */ = {
			isa = XCBuildConfiguration;
			baseConfigurationReference = 1312E416C408D703CA004254 /* Pods-Qiita_Client.release.xcconfig */;
			buildSettings = {
				ASSETCATALOG_COMPILER_APPICON_NAME = AppIcon;
				CODE_SIGN_STYLE = Automatic;
				DEVELOPMENT_TEAM = FJMPLD4D4X;
				FRAMEWORK_SEARCH_PATHS = (
					"$(inherited)",
					"$(PROJECT_DIR)/Carthage/Build/iOS",
				);
				INFOPLIST_FILE = Qiita_Client/Info.plist;
				IPHONEOS_DEPLOYMENT_TARGET = 11.0;
				LD_RUNPATH_SEARCH_PATHS = (
					"$(inherited)",
					"@executable_path/Frameworks",
				);
				PRODUCT_BUNDLE_IDENTIFIER = "com.tomoki.Qiita-Client";
				PRODUCT_NAME = "$(TARGET_NAME)";
				SWIFT_VERSION = 4.2;
				TARGETED_DEVICE_FAMILY = "1,2";
			};
			name = Release;
		};
/* End XCBuildConfiguration section */

/* Begin XCConfigurationList section */
		B74A3845218D1EA60066EA24 /* Build configuration list for PBXProject "Qiita_Client" */ = {
			isa = XCConfigurationList;
			buildConfigurations = (
				B74A385A218D1EA70066EA24 /* Debug */,
				B74A385B218D1EA70066EA24 /* Release */,
			);
			defaultConfigurationIsVisible = 0;
			defaultConfigurationName = Release;
		};
		B74A385C218D1EA70066EA24 /* Build configuration list for PBXNativeTarget "Qiita_Client" */ = {
			isa = XCConfigurationList;
			buildConfigurations = (
				B74A385D218D1EA70066EA24 /* Debug */,
				B74A385E218D1EA70066EA24 /* Release */,
			);
			defaultConfigurationIsVisible = 0;
			defaultConfigurationName = Release;
		};
/* End XCConfigurationList section */
	};
	rootObject = B74A3842218D1EA60066EA24 /* Project object */;
}
